// !$*UTF8*$!
{
	archiveVersion = 1;
	classes = {
	};
	objectVersion = 56;
	objects = {

/* Begin PBXBuildFile section */
		C634688E2A3B46070029EB65 /* criptoCurrencyApp.swift in Sources */ = {isa = PBXBuildFile; fileRef = C634688D2A3B46070029EB65 /* criptoCurrencyApp.swift */; };
		C63468902A3B46070029EB65 /* HomeView.swift in Sources */ = {isa = PBXBuildFile; fileRef = C634688F2A3B46070029EB65 /* HomeView.swift */; };
		C63468922A3B46080029EB65 /* Assets.xcassets in Resources */ = {isa = PBXBuildFile; fileRef = C63468912A3B46080029EB65 /* Assets.xcassets */; };
		C63468952A3B46080029EB65 /* Preview Assets.xcassets in Resources */ = {isa = PBXBuildFile; fileRef = C63468942A3B46080029EB65 /* Preview Assets.xcassets */; };
		C63468A52A3BB0400029EB65 /* TopMoverItemView.swift in Sources */ = {isa = PBXBuildFile; fileRef = C63468A42A3BB0400029EB65 /* TopMoverItemView.swift */; };
		C63468A72A3C9C370029EB65 /* CoinRowView.swift in Sources */ = {isa = PBXBuildFile; fileRef = C63468A62A3C9C370029EB65 /* CoinRowView.swift */; };
		C63468A92A3C9C4C0029EB65 /* AllCoinView.swift in Sources */ = {isa = PBXBuildFile; fileRef = C63468A82A3C9C4C0029EB65 /* AllCoinView.swift */; };
		C63468AB2A3CFBA30029EB65 /* HomeViewModel.swift in Sources */ = {isa = PBXBuildFile; fileRef = C63468AA2A3CFBA30029EB65 /* HomeViewModel.swift */; };
		C63468AD2A3DC8710029EB65 /* Coin.swift in Sources */ = {isa = PBXBuildFile; fileRef = C63468AC2A3DC8710029EB65 /* Coin.swift */; };
		C63468B02A3F14640029EB65 /* Kingfisher in Frameworks */ = {isa = PBXBuildFile; productRef = C63468AF2A3F14640029EB65 /* Kingfisher */; };
		C6A44A1A2A3F7B94001B9919 /* Double.swift in Sources */ = {isa = PBXBuildFile; fileRef = C6A44A192A3F7B94001B9919 /* Double.swift */; };
		C6DC56802A3F950A003D5BCF /* TopMoverView.swift in Sources */ = {isa = PBXBuildFile; fileRef = C6DC567F2A3F950A003D5BCF /* TopMoverView.swift */; };
/* End PBXBuildFile section */

/* Begin PBXFileReference section */
		C634688A2A3B46070029EB65 /* criptoCurrency.app */ = {isa = PBXFileReference; explicitFileType = wrapper.application; includeInIndex = 0; path = criptoCurrency.app; sourceTree = BUILT_PRODUCTS_DIR; };
		C634688D2A3B46070029EB65 /* criptoCurrencyApp.swift */ = {isa = PBXFileReference; lastKnownFileType = sourcecode.swift; path = criptoCurrencyApp.swift; sourceTree = "<group>"; };
		C634688F2A3B46070029EB65 /* HomeView.swift */ = {isa = PBXFileReference; lastKnownFileType = sourcecode.swift; path = HomeView.swift; sourceTree = "<group>"; };
		C63468912A3B46080029EB65 /* Assets.xcassets */ = {isa = PBXFileReference; lastKnownFileType = folder.assetcatalog; path = Assets.xcassets; sourceTree = "<group>"; };
		C63468942A3B46080029EB65 /* Preview Assets.xcassets */ = {isa = PBXFileReference; lastKnownFileType = folder.assetcatalog; path = "Preview Assets.xcassets"; sourceTree = "<group>"; };
		C63468A42A3BB0400029EB65 /* TopMoverItemView.swift */ = {isa = PBXFileReference; lastKnownFileType = sourcecode.swift; path = TopMoverItemView.swift; sourceTree = "<group>"; };
		C63468A62A3C9C370029EB65 /* CoinRowView.swift */ = {isa = PBXFileReference; lastKnownFileType = sourcecode.swift; path = CoinRowView.swift; sourceTree = "<group>"; };
		C63468A82A3C9C4C0029EB65 /* AllCoinView.swift */ = {isa = PBXFileReference; lastKnownFileType = sourcecode.swift; path = AllCoinView.swift; sourceTree = "<group>"; };
		C63468AA2A3CFBA30029EB65 /* HomeViewModel.swift */ = {isa = PBXFileReference; lastKnownFileType = sourcecode.swift; path = HomeViewModel.swift; sourceTree = "<group>"; };
		C63468AC2A3DC8710029EB65 /* Coin.swift */ = {isa = PBXFileReference; lastKnownFileType = sourcecode.swift; path = Coin.swift; sourceTree = "<group>"; };
		C6A44A192A3F7B94001B9919 /* Double.swift */ = {isa = PBXFileReference; lastKnownFileType = sourcecode.swift; path = Double.swift; sourceTree = "<group>"; };
		C6DC567F2A3F950A003D5BCF /* TopMoverView.swift */ = {isa = PBXFileReference; lastKnownFileType = sourcecode.swift; path = TopMoverView.swift; sourceTree = "<group>"; };
/* End PBXFileReference section */

/* Begin PBXFrameworksBuildPhase section */
		C63468872A3B46070029EB65 /* Frameworks */ = {
			isa = PBXFrameworksBuildPhase;
			buildActionMask = 2147483647;
			files = (
				C63468B02A3F14640029EB65 /* Kingfisher in Frameworks */,
			);
			runOnlyForDeploymentPostprocessing = 0;
		};
/* End PBXFrameworksBuildPhase section */

/* Begin PBXGroup section */
		C63468812A3B46070029EB65 = {
			isa = PBXGroup;
			children = (
				C634688C2A3B46070029EB65 /* criptoCurrency */,
				C634688B2A3B46070029EB65 /* Products */,
			);
			sourceTree = "<group>";
		};
		C634688B2A3B46070029EB65 /* Products */ = {
			isa = PBXGroup;
			children = (
				C634688A2A3B46070029EB65 /* criptoCurrency.app */,
			);
			name = Products;
			sourceTree = "<group>";
		};
		C634688C2A3B46070029EB65 /* criptoCurrency */ = {
			isa = PBXGroup;
			children = (
				C634689E2A3B463A0029EB65 /* Core */,
				C634689D2A3B46310029EB65 /* Models */,
				C634689C2A3B46280029EB65 /* Extensions */,
				C634689B2A3B461C0029EB65 /* Utils */,
				C63468912A3B46080029EB65 /* Assets.xcassets */,
				C63468932A3B46080029EB65 /* Preview Content */,
			);
			path = criptoCurrency;
			sourceTree = "<group>";
		};
		C63468932A3B46080029EB65 /* Preview Content */ = {
			isa = PBXGroup;
			children = (
				C63468942A3B46080029EB65 /* Preview Assets.xcassets */,
			);
			path = "Preview Content";
			sourceTree = "<group>";
		};
		C634689B2A3B461C0029EB65 /* Utils */ = {
			isa = PBXGroup;
			children = (
			);
			path = Utils;
			sourceTree = "<group>";
		};
		C634689C2A3B46280029EB65 /* Extensions */ = {
			isa = PBXGroup;
			children = (
				C6A44A192A3F7B94001B9919 /* Double.swift */,
			);
			path = Extensions;
			sourceTree = "<group>";
		};
		C634689D2A3B46310029EB65 /* Models */ = {
			isa = PBXGroup;
			children = (
				C63468AC2A3DC8710029EB65 /* Coin.swift */,
			);
			path = Models;
			sourceTree = "<group>";
		};
		C634689E2A3B463A0029EB65 /* Core */ = {
			isa = PBXGroup;
			children = (
				C634689F2A3B46450029EB65 /* Home */,
			);
			path = Core;
			sourceTree = "<group>";
		};
		C634689F2A3B46450029EB65 /* Home */ = {
			isa = PBXGroup;
			children = (
				C63468A12A3B47670029EB65 /* ViewModels */,
				C63468A02A3B46510029EB65 /* Views */,
			);
			path = Home;
			sourceTree = "<group>";
		};
		C63468A02A3B46510029EB65 /* Views */ = {
			isa = PBXGroup;
			children = (
				C634688D2A3B46070029EB65 /* criptoCurrencyApp.swift */,
				C634688F2A3B46070029EB65 /* HomeView.swift */,
				C63468A42A3BB0400029EB65 /* TopMoverItemView.swift */,
				C63468A62A3C9C370029EB65 /* CoinRowView.swift */,
				C63468A82A3C9C4C0029EB65 /* AllCoinView.swift */,
				C6DC567F2A3F950A003D5BCF /* TopMoverView.swift */,
			);
			path = Views;
			sourceTree = "<group>";
		};
		C63468A12A3B47670029EB65 /* ViewModels */ = {
			isa = PBXGroup;
			children = (
				C63468AA2A3CFBA30029EB65 /* HomeViewModel.swift */,
			);
			path = ViewModels;
			sourceTree = "<group>";
		};
/* End PBXGroup section */

/* Begin PBXNativeTarget section */
		C63468892A3B46070029EB65 /* criptoCurrency */ = {
			isa = PBXNativeTarget;
			buildConfigurationList = C63468982A3B46080029EB65 /* Build configuration list for PBXNativeTarget "criptoCurrency" */;
			buildPhases = (
				C63468862A3B46070029EB65 /* Sources */,
				C63468872A3B46070029EB65 /* Frameworks */,
				C63468882A3B46070029EB65 /* Resources */,
			);
			buildRules = (
			);
			dependencies = (
			);
			name = criptoCurrency;
			packageProductDependencies = (
				C63468AF2A3F14640029EB65 /* Kingfisher */,
			);
			productName = criptoCurrency;
			productReference = C634688A2A3B46070029EB65 /* criptoCurrency.app */;
			productType = "com.apple.product-type.application";
		};
/* End PBXNativeTarget section */

/* Begin PBXProject section */
		C63468822A3B46070029EB65 /* Project object */ = {
			isa = PBXProject;
			attributes = {
				BuildIndependentTargetsInParallel = 1;
				LastSwiftUpdateCheck = 1430;
				LastUpgradeCheck = 1430;
				TargetAttributes = {
					C63468892A3B46070029EB65 = {
						CreatedOnToolsVersion = 14.3.1;
					};
				};
			};
			buildConfigurationList = C63468852A3B46070029EB65 /* Build configuration list for PBXProject "criptoCurrency" */;
			compatibilityVersion = "Xcode 14.0";
			developmentRegion = en;
			hasScannedForEncodings = 0;
			knownRegions = (
				en,
				Base,
			);
			mainGroup = C63468812A3B46070029EB65;
			packageReferences = (
				C63468AE2A3F14630029EB65 /* XCRemoteSwiftPackageReference "Kingfisher" */,
			);
			productRefGroup = C634688B2A3B46070029EB65 /* Products */;
			projectDirPath = "";
			projectRoot = "";
			targets = (
				C63468892A3B46070029EB65 /* criptoCurrency */,
			);
		};
/* End PBXProject section */

/* Begin PBXResourcesBuildPhase section */
		C63468882A3B46070029EB65 /* Resources */ = {
			isa = PBXResourcesBuildPhase;
			buildActionMask = 2147483647;
			files = (
				C63468952A3B46080029EB65 /* Preview Assets.xcassets in Resources */,
				C63468922A3B46080029EB65 /* Assets.xcassets in Resources */,
			);
			runOnlyForDeploymentPostprocessing = 0;
		};
/* End PBXResourcesBuildPhase section */

/* Begin PBXSourcesBuildPhase section */
		C63468862A3B46070029EB65 /* Sources */ = {
			isa = PBXSourcesBuildPhase;
			buildActionMask = 2147483647;
			files = (
				C63468A72A3C9C370029EB65 /* CoinRowView.swift in Sources */,
				C6DC56802A3F950A003D5BCF /* TopMoverView.swift in Sources */,
				C63468A92A3C9C4C0029EB65 /* AllCoinView.swift in Sources */,
				C63468AB2A3CFBA30029EB65 /* HomeViewModel.swift in Sources */,
				C63468902A3B46070029EB65 /* HomeView.swift in Sources */,
				C634688E2A3B46070029EB65 /* criptoCurrencyApp.swift in Sources */,
				C63468AD2A3DC8710029EB65 /* Coin.swift in Sources */,
				C6A44A1A2A3F7B94001B9919 /* Double.swift in Sources */,
				C63468A52A3BB0400029EB65 /* TopMoverItemView.swift in Sources */,
			);
			runOnlyForDeploymentPostprocessing = 0;
		};
/* End PBXSourcesBuildPhase section */

/* Begin XCBuildConfiguration section */
		C63468962A3B46080029EB65 /* Debug */ = {
			isa = XCBuildConfiguration;
			buildSettings = {
				ALWAYS_SEARCH_USER_PATHS = NO;
				CLANG_ANALYZER_NONNULL = YES;
				CLANG_ANALYZER_NUMBER_OBJECT_CONVERSION = YES_AGGRESSIVE;
				CLANG_CXX_LANGUAGE_STANDARD = "gnu++20";
				CLANG_ENABLE_MODULES = YES;
				CLANG_ENABLE_OBJC_ARC = YES;
				CLANG_ENABLE_OBJC_WEAK = YES;
				CLANG_WARN_BLOCK_CAPTURE_AUTORELEASING = YES;
				CLANG_WARN_BOOL_CONVERSION = YES;
				CLANG_WARN_COMMA = YES;
				CLANG_WARN_CONSTANT_CONVERSION = YES;
				CLANG_WARN_DEPRECATED_OBJC_IMPLEMENTATIONS = YES;
				CLANG_WARN_DIRECT_OBJC_ISA_USAGE = YES_ERROR;
				CLANG_WARN_DOCUMENTATION_COMMENTS = YES;
				CLANG_WARN_EMPTY_BODY = YES;
				CLANG_WARN_ENUM_CONVERSION = YES;
				CLANG_WARN_INFINITE_RECURSION = YES;
				CLANG_WARN_INT_CONVERSION = YES;
				CLANG_WARN_NON_LITERAL_NULL_CONVERSION = YES;
				CLANG_WARN_OBJC_IMPLICIT_RETAIN_SELF = YES;
				CLANG_WARN_OBJC_LITERAL_CONVERSION = YES;
				CLANG_WARN_OBJC_ROOT_CLASS = YES_ERROR;
				CLANG_WARN_QUOTED_INCLUDE_IN_FRAMEWORK_HEADER = YES;
				CLANG_WARN_RANGE_LOOP_ANALYSIS = YES;
				CLANG_WARN_STRICT_PROTOTYPES = YES;
				CLANG_WARN_SUSPICIOUS_MOVE = YES;
				CLANG_WARN_UNGUARDED_AVAILABILITY = YES_AGGRESSIVE;
				CLANG_WARN_UNREACHABLE_CODE = YES;
				CLANG_WARN__DUPLICATE_METHOD_MATCH = YES;
				COPY_PHASE_STRIP = NO;
				DEBUG_INFORMATION_FORMAT = dwarf;
				ENABLE_STRICT_OBJC_MSGSEND = YES;
				ENABLE_TESTABILITY = YES;
				GCC_C_LANGUAGE_STANDARD = gnu11;
				GCC_DYNAMIC_NO_PIC = NO;
				GCC_NO_COMMON_BLOCKS = YES;
				GCC_OPTIMIZATION_LEVEL = 0;
				GCC_PREPROCESSOR_DEFINITIONS = (
					"DEBUG=1",
					"$(inherited)",
				);
				GCC_WARN_64_TO_32_BIT_CONVERSION = YES;
				GCC_WARN_ABOUT_RETURN_TYPE = YES_ERROR;
				GCC_WARN_UNDECLARED_SELECTOR = YES;
				GCC_WARN_UNINITIALIZED_AUTOS = YES_AGGRESSIVE;
				GCC_WARN_UNUSED_FUNCTION = YES;
				GCC_WARN_UNUSED_VARIABLE = YES;
				IPHONEOS_DEPLOYMENT_TARGET = 16.4;
				MTL_ENABLE_DEBUG_INFO = INCLUDE_SOURCE;
				MTL_FAST_MATH = YES;
				ONLY_ACTIVE_ARCH = YES;
				SDKROOT = iphoneos;
				SWIFT_ACTIVE_COMPILATION_CONDITIONS = DEBUG;
				SWIFT_OPTIMIZATION_LEVEL = "-Onone";
			};
			name = Debug;
		};
		C63468972A3B46080029EB65 /* Release */ = {
			isa = XCBuildConfiguration;
			buildSettings = {
				ALWAYS_SEARCH_USER_PATHS = NO;
				CLANG_ANALYZER_NONNULL = YES;
				CLANG_ANALYZER_NUMBER_OBJECT_CONVERSION = YES_AGGRESSIVE;
				CLANG_CXX_LANGUAGE_STANDARD = "gnu++20";
				CLANG_ENABLE_MODULES = YES;
				CLANG_ENABLE_OBJC_ARC = YES;
				CLANG_ENABLE_OBJC_WEAK = YES;
				CLANG_WARN_BLOCK_CAPTURE_AUTORELEASING = YES;
				CLANG_WARN_BOOL_CONVERSION = YES;
				CLANG_WARN_COMMA = YES;
				CLANG_WARN_CONSTANT_CONVERSION = YES;
				CLANG_WARN_DEPRECATED_OBJC_IMPLEMENTATIONS = YES;
				CLANG_WARN_DIRECT_OBJC_ISA_USAGE = YES_ERROR;
				CLANG_WARN_DOCUMENTATION_COMMENTS = YES;
				CLANG_WARN_EMPTY_BODY = YES;
				CLANG_WARN_ENUM_CONVERSION = YES;
				CLANG_WARN_INFINITE_RECURSION = YES;
				CLANG_WARN_INT_CONVERSION = YES;
				CLANG_WARN_NON_LITERAL_NULL_CONVERSION = YES;
				CLANG_WARN_OBJC_IMPLICIT_RETAIN_SELF = YES;
				CLANG_WARN_OBJC_LITERAL_CONVERSION = YES;
				CLANG_WARN_OBJC_ROOT_CLASS = YES_ERROR;
				CLANG_WARN_QUOTED_INCLUDE_IN_FRAMEWORK_HEADER = YES;
				CLANG_WARN_RANGE_LOOP_ANALYSIS = YES;
				CLANG_WARN_STRICT_PROTOTYPES = YES;
				CLANG_WARN_SUSPICIOUS_MOVE = YES;
				CLANG_WARN_UNGUARDED_AVAILABILITY = YES_AGGRESSIVE;
				CLANG_WARN_UNREACHABLE_CODE = YES;
				CLANG_WARN__DUPLICATE_METHOD_MATCH = YES;
				COPY_PHASE_STRIP = NO;
				DEBUG_INFORMATION_FORMAT = "dwarf-with-dsym";
				ENABLE_NS_ASSERTIONS = NO;
				ENABLE_STRICT_OBJC_MSGSEND = YES;
				GCC_C_LANGUAGE_STANDARD = gnu11;
				GCC_NO_COMMON_BLOCKS = YES;
				GCC_WARN_64_TO_32_BIT_CONVERSION = YES;
				GCC_WARN_ABOUT_RETURN_TYPE = YES_ERROR;
				GCC_WARN_UNDECLARED_SELECTOR = YES;
				GCC_WARN_UNINITIALIZED_AUTOS = YES_AGGRESSIVE;
				GCC_WARN_UNUSED_FUNCTION = YES;
				GCC_WARN_UNUSED_VARIABLE = YES;
				IPHONEOS_DEPLOYMENT_TARGET = 16.4;
				MTL_ENABLE_DEBUG_INFO = NO;
				MTL_FAST_MATH = YES;
				SDKROOT = iphoneos;
				SWIFT_COMPILATION_MODE = wholemodule;
				SWIFT_OPTIMIZATION_LEVEL = "-O";
				VALIDATE_PRODUCT = YES;
			};
			name = Release;
		};
		C63468992A3B46080029EB65 /* Debug */ = {
			isa = XCBuildConfiguration;
			buildSettings = {
				ASSETCATALOG_COMPILER_APPICON_NAME = AppIcon;
				ASSETCATALOG_COMPILER_GLOBAL_ACCENT_COLOR_NAME = AccentColor;
				CODE_SIGN_STYLE = Automatic;
				CURRENT_PROJECT_VERSION = 1;
				DEVELOPMENT_ASSET_PATHS = "\"criptoCurrency/Preview Content\"";
				ENABLE_PREVIEWS = YES;
				GENERATE_INFOPLIST_FILE = YES;
				INFOPLIST_KEY_LSApplicationCategoryType = "public.app-category.finance";
				INFOPLIST_KEY_UIApplicationSceneManifest_Generation = YES;
				INFOPLIST_KEY_UIApplicationSupportsIndirectInputEvents = YES;
				INFOPLIST_KEY_UILaunchScreen_Generation = YES;
				INFOPLIST_KEY_UISupportedInterfaceOrientations_iPad = "UIInterfaceOrientationPortrait UIInterfaceOrientationPortraitUpsideDown UIInterfaceOrientationLandscapeLeft UIInterfaceOrientationLandscapeRight";
				INFOPLIST_KEY_UISupportedInterfaceOrientations_iPhone = "UIInterfaceOrientationPortrait UIInterfaceOrientationLandscapeLeft UIInterfaceOrientationLandscapeRight";
				LD_RUNPATH_SEARCH_PATHS = (
					"$(inherited)",
					"@executable_path/Frameworks",
				);
				MARKETING_VERSION = 1.0;
				PRODUCT_BUNDLE_IDENTIFIER = com.elduverx.criptoCurrency;
				PRODUCT_NAME = "$(TARGET_NAME)";
				SWIFT_EMIT_LOC_STRINGS = YES;
				SWIFT_VERSION = 5.0;
				TARGETED_DEVICE_FAMILY = "1,2";
			};
			name = Debug;
		};
		C634689A2A3B46080029EB65 /* Release */ = {
			isa = XCBuildConfiguration;
			buildSettings = {
				ASSETCATALOG_COMPILER_APPICON_NAME = AppIcon;
				ASSETCATALOG_COMPILER_GLOBAL_ACCENT_COLOR_NAME = AccentColor;
				CODE_SIGN_STYLE = Automatic;
				CURRENT_PROJECT_VERSION = 1;
				DEVELOPMENT_ASSET_PATHS = "\"criptoCurrency/Preview Content\"";
				ENABLE_PREVIEWS = YES;
				GENERATE_INFOPLIST_FILE = YES;
				INFOPLIST_KEY_LSApplicationCategoryType = "public.app-category.finance";
				INFOPLIST_KEY_UIApplicationSceneManifest_Generation = YES;
				INFOPLIST_KEY_UIApplicationSupportsIndirectInputEvents = YES;
				INFOPLIST_KEY_UILaunchScreen_Generation = YES;
				INFOPLIST_KEY_UISupportedInterfaceOrientations_iPad = "UIInterfaceOrientationPortrait UIInterfaceOrientationPortraitUpsideDown UIInterfaceOrientationLandscapeLeft UIInterfaceOrientationLandscapeRight";
				INFOPLIST_KEY_UISupportedInterfaceOrientations_iPhone = "UIInterfaceOrientationPortrait UIInterfaceOrientationLandscapeLeft UIInterfaceOrientationLandscapeRight";
				LD_RUNPATH_SEARCH_PATHS = (
					"$(inherited)",
					"@executable_path/Frameworks",
				);
				MARKETING_VERSION = 1.0;
				PRODUCT_BUNDLE_IDENTIFIER = com.elduverx.criptoCurrency;
				PRODUCT_NAME = "$(TARGET_NAME)";
				SWIFT_EMIT_LOC_STRINGS = YES;
				SWIFT_VERSION = 5.0;
				TARGETED_DEVICE_FAMILY = "1,2";
			};
			name = Release;
		};
/* End XCBuildConfiguration section */

/* Begin XCConfigurationList section */
		C63468852A3B46070029EB65 /* Build configuration list for PBXProject "criptoCurrency" */ = {
			isa = XCConfigurationList;
			buildConfigurations = (
				C63468962A3B46080029EB65 /* Debug */,
				C63468972A3B46080029EB65 /* Release */,
			);
			defaultConfigurationIsVisible = 0;
			defaultConfigurationName = Release;
		};
		C63468982A3B46080029EB65 /* Build configuration list for PBXNativeTarget "criptoCurrency" */ = {
			isa = XCConfigurationList;
			buildConfigurations = (
				C63468992A3B46080029EB65 /* Debug */,
				C634689A2A3B46080029EB65 /* Release */,
			);
			defaultConfigurationIsVisible = 0;
			defaultConfigurationName = Release;
		};
/* End XCConfigurationList section */

/* Begin XCRemoteSwiftPackageReference section */
		C63468AE2A3F14630029EB65 /* XCRemoteSwiftPackageReference "Kingfisher" */ = {
			isa = XCRemoteSwiftPackageReference;
			repositoryURL = "https://github.com/onevcat/Kingfisher.git";
			requirement = {
				kind = upToNextMajorVersion;
				minimumVersion = 7.0.0;
			};
		};
/* End XCRemoteSwiftPackageReference section */

/* Begin XCSwiftPackageProductDependency section */
		C63468AF2A3F14640029EB65 /* Kingfisher */ = {
			isa = XCSwiftPackageProductDependency;
			package = C63468AE2A3F14630029EB65 /* XCRemoteSwiftPackageReference "Kingfisher" */;
			productName = Kingfisher;
		};
/* End XCSwiftPackageProductDependency section */
	};
	rootObject = C63468822A3B46070029EB65 /* Project object */;
}
